// !$*UTF8*$!
{
	archiveVersion = 1;
	classes = {
	};
	objectVersion = 46;
	objects = {

/* Begin PBXBuildFile section */
		560765701D29CEBD008D3337 /* DutyDetailViewController.swift in Sources */ = {isa = PBXBuildFile; fileRef = 5607656F1D29CEBD008D3337 /* DutyDetailViewController.swift */; };
		560765721D2A47F6008D3337 /* PuntDetailViewController.swift in Sources */ = {isa = PBXBuildFile; fileRef = 560765711D2A47F6008D3337 /* PuntDetailViewController.swift */; };
		561AF3491D2584370097B1F3 /* SettingsSwitchTableViewCell.swift in Sources */ = {isa = PBXBuildFile; fileRef = 561AF3481D2584370097B1F3 /* SettingsSwitchTableViewCell.swift */; };
		564C96011D1E0A6A003EE50F /* AppDelegate.swift in Sources */ = {isa = PBXBuildFile; fileRef = 564C96001D1E0A6A003EE50F /* AppDelegate.swift */; };
		564C96031D1E0A6A003EE50F /* FirstViewController.swift in Sources */ = {isa = PBXBuildFile; fileRef = 564C96021D1E0A6A003EE50F /* FirstViewController.swift */; };
		564C96081D1E0A6A003EE50F /* Main.storyboard in Resources */ = {isa = PBXBuildFile; fileRef = 564C96061D1E0A6A003EE50F /* Main.storyboard */; };
		564C960A1D1E0A6A003EE50F /* Assets.xcassets in Resources */ = {isa = PBXBuildFile; fileRef = 564C96091D1E0A6A003EE50F /* Assets.xcassets */; };
		564C960D1D1E0A6A003EE50F /* LaunchScreen.storyboard in Resources */ = {isa = PBXBuildFile; fileRef = 564C960B1D1E0A6A003EE50F /* LaunchScreen.storyboard */; };
		564C96181D1E0A6A003EE50F /* Delts_ManagerTests.swift in Sources */ = {isa = PBXBuildFile; fileRef = 564C96171D1E0A6A003EE50F /* Delts_ManagerTests.swift */; };
		564C96231D1E1753003EE50F /* LoginViewController.swift in Sources */ = {isa = PBXBuildFile; fileRef = 564C96221D1E1753003EE50F /* LoginViewController.swift */; };
		564C96251D1E230E003EE50F /* Constants.swift in Sources */ = {isa = PBXBuildFile; fileRef = 564C96241D1E230E003EE50F /* Constants.swift */; };
		564C96291D1E374F003EE50F /* DutiesTableViewCell.swift in Sources */ = {isa = PBXBuildFile; fileRef = 564C96281D1E374F003EE50F /* DutiesTableViewCell.swift */; };
		564C962B1D1E3AA7003EE50F /* Duty.swift in Sources */ = {isa = PBXBuildFile; fileRef = 564C962A1D1E3AA7003EE50F /* Duty.swift */; };
		564C962D1D22C43D003EE50F /* DutiesViewController.swift in Sources */ = {isa = PBXBuildFile; fileRef = 564C962C1D22C43D003EE50F /* DutiesViewController.swift */; };
		564C962F1D243419003EE50F /* SettingsViewController.swift in Sources */ = {isa = PBXBuildFile; fileRef = 564C962E1D243419003EE50F /* SettingsViewController.swift */; };
		564C96311D24688C003EE50F /* SettingsTextTableViewCell.swift in Sources */ = {isa = PBXBuildFile; fileRef = 564C96301D24688C003EE50F /* SettingsTextTableViewCell.swift */; };
		568720991D29B555001D9AF3 /* NewDutiesViewController.swift in Sources */ = {isa = PBXBuildFile; fileRef = 568720981D29B555001D9AF3 /* NewDutiesViewController.swift */; };
		5687209B1D29B67E001D9AF3 /* NewDutiesTableViewCell.swift in Sources */ = {isa = PBXBuildFile; fileRef = 5687209A1D29B67E001D9AF3 /* NewDutiesTableViewCell.swift */; };
		5687209F1D29C019001D9AF3 /* Punt.swift in Sources */ = {isa = PBXBuildFile; fileRef = 5687209E1D29C019001D9AF3 /* Punt.swift */; };
		568720A11D29C033001D9AF3 /* PuntsTableViewCell.swift in Sources */ = {isa = PBXBuildFile; fileRef = 568720A01D29C033001D9AF3 /* PuntsTableViewCell.swift */; };
		568720A31D29C059001D9AF3 /* PuntsTableViewController.swift in Sources */ = {isa = PBXBuildFile; fileRef = 568720A21D29C059001D9AF3 /* PuntsTableViewController.swift */; };
/* End PBXBuildFile section */

/* Begin PBXContainerItemProxy section */
		564C96141D1E0A6A003EE50F /* PBXContainerItemProxy */ = {
			isa = PBXContainerItemProxy;
			containerPortal = 564C95F51D1E0A6A003EE50F /* Project object */;
			proxyType = 1;
			remoteGlobalIDString = 564C95FC1D1E0A6A003EE50F;
			remoteInfo = "Delts Manager";
		};
/* End PBXContainerItemProxy section */

/* Begin PBXFileReference section */
		5607656F1D29CEBD008D3337 /* DutyDetailViewController.swift */ = {isa = PBXFileReference; fileEncoding = 4; lastKnownFileType = sourcecode.swift; path = DutyDetailViewController.swift; sourceTree = "<group>"; };
		560765711D2A47F6008D3337 /* PuntDetailViewController.swift */ = {isa = PBXFileReference; fileEncoding = 4; lastKnownFileType = sourcecode.swift; path = PuntDetailViewController.swift; sourceTree = "<group>"; };
		561AF3481D2584370097B1F3 /* SettingsSwitchTableViewCell.swift */ = {isa = PBXFileReference; fileEncoding = 4; lastKnownFileType = sourcecode.swift; path = SettingsSwitchTableViewCell.swift; sourceTree = "<group>"; };
		564C95FD1D1E0A6A003EE50F /* Delts Manager.app */ = {isa = PBXFileReference; explicitFileType = wrapper.application; includeInIndex = 0; path = "Delts Manager.app"; sourceTree = BUILT_PRODUCTS_DIR; };
		564C96001D1E0A6A003EE50F /* AppDelegate.swift */ = {isa = PBXFileReference; lastKnownFileType = sourcecode.swift; path = AppDelegate.swift; sourceTree = "<group>"; };
		564C96021D1E0A6A003EE50F /* FirstViewController.swift */ = {isa = PBXFileReference; lastKnownFileType = sourcecode.swift; path = FirstViewController.swift; sourceTree = "<group>"; };
		564C96071D1E0A6A003EE50F /* Base */ = {isa = PBXFileReference; lastKnownFileType = file.storyboard; name = Base; path = Base.lproj/Main.storyboard; sourceTree = "<group>"; };
		564C96091D1E0A6A003EE50F /* Assets.xcassets */ = {isa = PBXFileReference; lastKnownFileType = folder.assetcatalog; path = Assets.xcassets; sourceTree = "<group>"; };
		564C960C1D1E0A6A003EE50F /* Base */ = {isa = PBXFileReference; lastKnownFileType = file.storyboard; name = Base; path = Base.lproj/LaunchScreen.storyboard; sourceTree = "<group>"; };
		564C960E1D1E0A6A003EE50F /* Info.plist */ = {isa = PBXFileReference; lastKnownFileType = text.plist.xml; path = Info.plist; sourceTree = "<group>"; };
		564C96131D1E0A6A003EE50F /* Delts ManagerTests.xctest */ = {isa = PBXFileReference; explicitFileType = wrapper.cfbundle; includeInIndex = 0; path = "Delts ManagerTests.xctest"; sourceTree = BUILT_PRODUCTS_DIR; };
		564C96171D1E0A6A003EE50F /* Delts_ManagerTests.swift */ = {isa = PBXFileReference; lastKnownFileType = sourcecode.swift; path = Delts_ManagerTests.swift; sourceTree = "<group>"; };
		564C96191D1E0A6A003EE50F /* Info.plist */ = {isa = PBXFileReference; lastKnownFileType = text.plist.xml; path = Info.plist; sourceTree = "<group>"; };
		564C96221D1E1753003EE50F /* LoginViewController.swift */ = {isa = PBXFileReference; fileEncoding = 4; lastKnownFileType = sourcecode.swift; path = LoginViewController.swift; sourceTree = "<group>"; };
		564C96241D1E230E003EE50F /* Constants.swift */ = {isa = PBXFileReference; fileEncoding = 4; lastKnownFileType = sourcecode.swift; path = Constants.swift; sourceTree = "<group>"; };
		564C96281D1E374F003EE50F /* DutiesTableViewCell.swift */ = {isa = PBXFileReference; fileEncoding = 4; lastKnownFileType = sourcecode.swift; path = DutiesTableViewCell.swift; sourceTree = "<group>"; };
		564C962A1D1E3AA7003EE50F /* Duty.swift */ = {isa = PBXFileReference; fileEncoding = 4; lastKnownFileType = sourcecode.swift; path = Duty.swift; sourceTree = "<group>"; };
		564C962C1D22C43D003EE50F /* DutiesViewController.swift */ = {isa = PBXFileReference; fileEncoding = 4; lastKnownFileType = sourcecode.swift; path = DutiesViewController.swift; sourceTree = "<group>"; };
		564C962E1D243419003EE50F /* SettingsViewController.swift */ = {isa = PBXFileReference; fileEncoding = 4; lastKnownFileType = sourcecode.swift; path = SettingsViewController.swift; sourceTree = "<group>"; };
		564C96301D24688C003EE50F /* SettingsTextTableViewCell.swift */ = {isa = PBXFileReference; fileEncoding = 4; lastKnownFileType = sourcecode.swift; path = SettingsTextTableViewCell.swift; sourceTree = "<group>"; };
		568720981D29B555001D9AF3 /* NewDutiesViewController.swift */ = {isa = PBXFileReference; fileEncoding = 4; lastKnownFileType = sourcecode.swift; path = NewDutiesViewController.swift; sourceTree = "<group>"; };
		5687209A1D29B67E001D9AF3 /* NewDutiesTableViewCell.swift */ = {isa = PBXFileReference; fileEncoding = 4; lastKnownFileType = sourcecode.swift; path = NewDutiesTableViewCell.swift; sourceTree = "<group>"; };
		5687209E1D29C019001D9AF3 /* Punt.swift */ = {isa = PBXFileReference; fileEncoding = 4; lastKnownFileType = sourcecode.swift; path = Punt.swift; sourceTree = "<group>"; };
		568720A01D29C033001D9AF3 /* PuntsTableViewCell.swift */ = {isa = PBXFileReference; fileEncoding = 4; lastKnownFileType = sourcecode.swift; path = PuntsTableViewCell.swift; sourceTree = "<group>"; };
		568720A21D29C059001D9AF3 /* PuntsTableViewController.swift */ = {isa = PBXFileReference; fileEncoding = 4; lastKnownFileType = sourcecode.swift; path = PuntsTableViewController.swift; sourceTree = "<group>"; };
/* End PBXFileReference section */

/* Begin PBXFrameworksBuildPhase section */
		564C95FA1D1E0A6A003EE50F /* Frameworks */ = {
			isa = PBXFrameworksBuildPhase;
			buildActionMask = 2147483647;
			files = (
			);
			runOnlyForDeploymentPostprocessing = 0;
		};
		564C96101D1E0A6A003EE50F /* Frameworks */ = {
			isa = PBXFrameworksBuildPhase;
			buildActionMask = 2147483647;
			files = (
			);
			runOnlyForDeploymentPostprocessing = 0;
		};
/* End PBXFrameworksBuildPhase section */

/* Begin PBXGroup section */
		564C95F41D1E0A6A003EE50F = {
			isa = PBXGroup;
			children = (
				564C95FF1D1E0A6A003EE50F /* Delts Manager */,
				564C96161D1E0A6A003EE50F /* Delts ManagerTests */,
				564C95FE1D1E0A6A003EE50F /* Products */,
			);
			sourceTree = "<group>";
		};
		564C95FE1D1E0A6A003EE50F /* Products */ = {
			isa = PBXGroup;
			children = (
				564C95FD1D1E0A6A003EE50F /* Delts Manager.app */,
				564C96131D1E0A6A003EE50F /* Delts ManagerTests.xctest */,
			);
			name = Products;
			sourceTree = "<group>";
		};
		564C95FF1D1E0A6A003EE50F /* Delts Manager */ = {
			isa = PBXGroup;
			children = (
				564C96001D1E0A6A003EE50F /* AppDelegate.swift */,
				564C96021D1E0A6A003EE50F /* FirstViewController.swift */,
				564C96061D1E0A6A003EE50F /* Main.storyboard */,
				564C96091D1E0A6A003EE50F /* Assets.xcassets */,
				564C960B1D1E0A6A003EE50F /* LaunchScreen.storyboard */,
				564C960E1D1E0A6A003EE50F /* Info.plist */,
				564C96221D1E1753003EE50F /* LoginViewController.swift */,
				564C96241D1E230E003EE50F /* Constants.swift */,
				564C96281D1E374F003EE50F /* DutiesTableViewCell.swift */,
				564C962A1D1E3AA7003EE50F /* Duty.swift */,
				564C962C1D22C43D003EE50F /* DutiesViewController.swift */,
				564C962E1D243419003EE50F /* SettingsViewController.swift */,
				564C96301D24688C003EE50F /* SettingsTextTableViewCell.swift */,
				561AF3481D2584370097B1F3 /* SettingsSwitchTableViewCell.swift */,
				568720981D29B555001D9AF3 /* NewDutiesViewController.swift */,
				5687209A1D29B67E001D9AF3 /* NewDutiesTableViewCell.swift */,
				5687209E1D29C019001D9AF3 /* Punt.swift */,
				568720A01D29C033001D9AF3 /* PuntsTableViewCell.swift */,
				568720A21D29C059001D9AF3 /* PuntsTableViewController.swift */,
				5607656F1D29CEBD008D3337 /* DutyDetailViewController.swift */,
				560765711D2A47F6008D3337 /* PuntDetailViewController.swift */,
			);
			path = "Delts Manager";
			sourceTree = "<group>";
		};
		564C96161D1E0A6A003EE50F /* Delts ManagerTests */ = {
			isa = PBXGroup;
			children = (
				564C96171D1E0A6A003EE50F /* Delts_ManagerTests.swift */,
				564C96191D1E0A6A003EE50F /* Info.plist */,
			);
			path = "Delts ManagerTests";
			sourceTree = "<group>";
		};
/* End PBXGroup section */

/* Begin PBXNativeTarget section */
		564C95FC1D1E0A6A003EE50F /* Delts Manager */ = {
			isa = PBXNativeTarget;
			buildConfigurationList = 564C961C1D1E0A6A003EE50F /* Build configuration list for PBXNativeTarget "Delts Manager" */;
			buildPhases = (
				564C95F91D1E0A6A003EE50F /* Sources */,
				564C95FA1D1E0A6A003EE50F /* Frameworks */,
				564C95FB1D1E0A6A003EE50F /* Resources */,
			);
			buildRules = (
			);
			dependencies = (
			);
			name = "Delts Manager";
			productName = "Delts Manager";
			productReference = 564C95FD1D1E0A6A003EE50F /* Delts Manager.app */;
			productType = "com.apple.product-type.application";
		};
		564C96121D1E0A6A003EE50F /* Delts ManagerTests */ = {
			isa = PBXNativeTarget;
			buildConfigurationList = 564C961F1D1E0A6A003EE50F /* Build configuration list for PBXNativeTarget "Delts ManagerTests" */;
			buildPhases = (
				564C960F1D1E0A6A003EE50F /* Sources */,
				564C96101D1E0A6A003EE50F /* Frameworks */,
				564C96111D1E0A6A003EE50F /* Resources */,
			);
			buildRules = (
			);
			dependencies = (
				564C96151D1E0A6A003EE50F /* PBXTargetDependency */,
			);
			name = "Delts ManagerTests";
			productName = "Delts ManagerTests";
			productReference = 564C96131D1E0A6A003EE50F /* Delts ManagerTests.xctest */;
			productType = "com.apple.product-type.bundle.unit-test";
		};
/* End PBXNativeTarget section */

/* Begin PBXProject section */
		564C95F51D1E0A6A003EE50F /* Project object */ = {
			isa = PBXProject;
			attributes = {
				LastSwiftUpdateCheck = 0730;
				LastUpgradeCheck = 0730;
				ORGANIZATIONNAME = "Juan Diego Fajardo";
				TargetAttributes = {
					564C95FC1D1E0A6A003EE50F = {
						CreatedOnToolsVersion = 7.3.1;
					};
					564C96121D1E0A6A003EE50F = {
						CreatedOnToolsVersion = 7.3.1;
						TestTargetID = 564C95FC1D1E0A6A003EE50F;
					};
				};
			};
			buildConfigurationList = 564C95F81D1E0A6A003EE50F /* Build configuration list for PBXProject "Delts Manager" */;
			compatibilityVersion = "Xcode 3.2";
			developmentRegion = English;
			hasScannedForEncodings = 0;
			knownRegions = (
				en,
				Base,
			);
			mainGroup = 564C95F41D1E0A6A003EE50F;
			productRefGroup = 564C95FE1D1E0A6A003EE50F /* Products */;
			projectDirPath = "";
			projectRoot = "";
			targets = (
				564C95FC1D1E0A6A003EE50F /* Delts Manager */,
				564C96121D1E0A6A003EE50F /* Delts ManagerTests */,
			);
		};
/* End PBXProject section */

/* Begin PBXResourcesBuildPhase section */
		564C95FB1D1E0A6A003EE50F /* Resources */ = {
			isa = PBXResourcesBuildPhase;
			buildActionMask = 2147483647;
			files = (
				564C960D1D1E0A6A003EE50F /* LaunchScreen.storyboard in Resources */,
				564C960A1D1E0A6A003EE50F /* Assets.xcassets in Resources */,
				564C96081D1E0A6A003EE50F /* Main.storyboard in Resources */,
			);
			runOnlyForDeploymentPostprocessing = 0;
		};
		564C96111D1E0A6A003EE50F /* Resources */ = {
			isa = PBXResourcesBuildPhase;
			buildActionMask = 2147483647;
			files = (
			);
			runOnlyForDeploymentPostprocessing = 0;
		};
/* End PBXResourcesBuildPhase section */

/* Begin PBXSourcesBuildPhase section */
		564C95F91D1E0A6A003EE50F /* Sources */ = {
			isa = PBXSourcesBuildPhase;
			buildActionMask = 2147483647;
			files = (
				564C96251D1E230E003EE50F /* Constants.swift in Sources */,
				560765701D29CEBD008D3337 /* DutyDetailViewController.swift in Sources */,
				564C96231D1E1753003EE50F /* LoginViewController.swift in Sources */,
				564C962B1D1E3AA7003EE50F /* Duty.swift in Sources */,
				564C962D1D22C43D003EE50F /* DutiesViewController.swift in Sources */,
				561AF3491D2584370097B1F3 /* SettingsSwitchTableViewCell.swift in Sources */,
				560765721D2A47F6008D3337 /* PuntDetailViewController.swift in Sources */,
				564C96011D1E0A6A003EE50F /* AppDelegate.swift in Sources */,
				568720A31D29C059001D9AF3 /* PuntsTableViewController.swift in Sources */,
				564C96311D24688C003EE50F /* SettingsTextTableViewCell.swift in Sources */,
				5687209F1D29C019001D9AF3 /* Punt.swift in Sources */,
				564C96031D1E0A6A003EE50F /* FirstViewController.swift in Sources */,
				568720991D29B555001D9AF3 /* NewDutiesViewController.swift in Sources */,
				564C96291D1E374F003EE50F /* DutiesTableViewCell.swift in Sources */,
				568720A11D29C033001D9AF3 /* PuntsTableViewCell.swift in Sources */,
				5687209B1D29B67E001D9AF3 /* NewDutiesTableViewCell.swift in Sources */,
				564C962F1D243419003EE50F /* SettingsViewController.swift in Sources */,
			);
			runOnlyForDeploymentPostprocessing = 0;
		};
		564C960F1D1E0A6A003EE50F /* Sources */ = {
			isa = PBXSourcesBuildPhase;
			buildActionMask = 2147483647;
			files = (
				564C96181D1E0A6A003EE50F /* Delts_ManagerTests.swift in Sources */,
			);
			runOnlyForDeploymentPostprocessing = 0;
		};
/* End PBXSourcesBuildPhase section */

/* Begin PBXTargetDependency section */
		564C96151D1E0A6A003EE50F /* PBXTargetDependency */ = {
			isa = PBXTargetDependency;
			target = 564C95FC1D1E0A6A003EE50F /* Delts Manager */;
			targetProxy = 564C96141D1E0A6A003EE50F /* PBXContainerItemProxy */;
		};
/* End PBXTargetDependency section */

/* Begin PBXVariantGroup section */
		564C96061D1E0A6A003EE50F /* Main.storyboard */ = {
			isa = PBXVariantGroup;
			children = (
				564C96071D1E0A6A003EE50F /* Base */,
			);
			name = Main.storyboard;
			sourceTree = "<group>";
		};
		564C960B1D1E0A6A003EE50F /* LaunchScreen.storyboard */ = {
			isa = PBXVariantGroup;
			children = (
				564C960C1D1E0A6A003EE50F /* Base */,
			);
			name = LaunchScreen.storyboard;
			sourceTree = "<group>";
		};
/* End PBXVariantGroup section */

/* Begin XCBuildConfiguration section */
		564C961A1D1E0A6A003EE50F /* Debug */ = {
			isa = XCBuildConfiguration;
			buildSettings = {
				ALWAYS_SEARCH_USER_PATHS = NO;
				CLANG_ANALYZER_NONNULL = YES;
				CLANG_CXX_LANGUAGE_STANDARD = "gnu++0x";
				CLANG_CXX_LIBRARY = "libc++";
				CLANG_ENABLE_MODULES = YES;
				CLANG_ENABLE_OBJC_ARC = YES;
				CLANG_WARN_BOOL_CONVERSION = YES;
				CLANG_WARN_CONSTANT_CONVERSION = YES;
				CLANG_WARN_DIRECT_OBJC_ISA_USAGE = YES_ERROR;
				CLANG_WARN_EMPTY_BODY = YES;
				CLANG_WARN_ENUM_CONVERSION = YES;
				CLANG_WARN_INT_CONVERSION = YES;
				CLANG_WARN_OBJC_ROOT_CLASS = YES_ERROR;
				CLANG_WARN_UNREACHABLE_CODE = YES;
				CLANG_WARN__DUPLICATE_METHOD_MATCH = YES;
				"CODE_SIGN_IDENTITY[sdk=iphoneos*]" = "iPhone Developer";
				COPY_PHASE_STRIP = NO;
				DEBUG_INFORMATION_FORMAT = dwarf;
				ENABLE_STRICT_OBJC_MSGSEND = YES;
				ENABLE_TESTABILITY = YES;
				GCC_C_LANGUAGE_STANDARD = gnu99;
				GCC_DYNAMIC_NO_PIC = NO;
				GCC_NO_COMMON_BLOCKS = YES;
				GCC_OPTIMIZATION_LEVEL = 0;
				GCC_PREPROCESSOR_DEFINITIONS = (
					"DEBUG=1",
					"$(inherited)",
				);
				GCC_WARN_64_TO_32_BIT_CONVERSION = YES;
				GCC_WARN_ABOUT_RETURN_TYPE = YES_ERROR;
				GCC_WARN_UNDECLARED_SELECTOR = YES;
				GCC_WARN_UNINITIALIZED_AUTOS = YES_AGGRESSIVE;
				GCC_WARN_UNUSED_FUNCTION = YES;
				GCC_WARN_UNUSED_VARIABLE = YES;
				IPHONEOS_DEPLOYMENT_TARGET = 9.3;
				MTL_ENABLE_DEBUG_INFO = YES;
				ONLY_ACTIVE_ARCH = YES;
				SDKROOT = iphoneos;
				SWIFT_OPTIMIZATION_LEVEL = "-Onone";
				TARGETED_DEVICE_FAMILY = "1,2";
			};
			name = Debug;
		};
		564C961B1D1E0A6A003EE50F /* Release */ = {
			isa = XCBuildConfiguration;
			buildSettings = {
				ALWAYS_SEARCH_USER_PATHS = NO;
				CLANG_ANALYZER_NONNULL = YES;
				CLANG_CXX_LANGUAGE_STANDARD = "gnu++0x";
				CLANG_CXX_LIBRARY = "libc++";
				CLANG_ENABLE_MODULES = YES;
				CLANG_ENABLE_OBJC_ARC = YES;
				CLANG_WARN_BOOL_CONVERSION = YES;
				CLANG_WARN_CONSTANT_CONVERSION = YES;
				CLANG_WARN_DIRECT_OBJC_ISA_USAGE = YES_ERROR;
				CLANG_WARN_EMPTY_BODY = YES;
				CLANG_WARN_ENUM_CONVERSION = YES;
				CLANG_WARN_INT_CONVERSION = YES;
				CLANG_WARN_OBJC_ROOT_CLASS = YES_ERROR;
				CLANG_WARN_UNREACHABLE_CODE = YES;
				CLANG_WARN__DUPLICATE_METHOD_MATCH = YES;
				"CODE_SIGN_IDENTITY[sdk=iphoneos*]" = "iPhone Developer";
				COPY_PHASE_STRIP = NO;
				DEBUG_INFORMATION_FORMAT = "dwarf-with-dsym";
				ENABLE_NS_ASSERTIONS = NO;
				ENABLE_STRICT_OBJC_MSGSEND = YES;
				GCC_C_LANGUAGE_STANDARD = gnu99;
				GCC_NO_COMMON_BLOCKS = YES;
				GCC_WARN_64_TO_32_BIT_CONVERSION = YES;
				GCC_WARN_ABOUT_RETURN_TYPE = YES_ERROR;
				GCC_WARN_UNDECLARED_SELECTOR = YES;
				GCC_WARN_UNINITIALIZED_AUTOS = YES_AGGRESSIVE;
				GCC_WARN_UNUSED_FUNCTION = YES;
				GCC_WARN_UNUSED_VARIABLE = YES;
				IPHONEOS_DEPLOYMENT_TARGET = 9.3;
				MTL_ENABLE_DEBUG_INFO = NO;
				SDKROOT = iphoneos;
				TARGETED_DEVICE_FAMILY = "1,2";
				VALIDATE_PRODUCT = YES;
			};
			name = Release;
		};
		564C961D1D1E0A6A003EE50F /* Debug */ = {
			isa = XCBuildConfiguration;
			buildSettings = {
				ASSETCATALOG_COMPILER_APPICON_NAME = AppIcon;
				INFOPLIST_FILE = "Delts Manager/Info.plist";
				LD_RUNPATH_SEARCH_PATHS = "$(inherited) @executable_path/Frameworks";
				PRODUCT_BUNDLE_IDENTIFIER = "com.example.Delts-Manager";
				PRODUCT_NAME = "$(TARGET_NAME)";
			};
			name = Debug;
		};
		564C961E1D1E0A6A003EE50F /* Release */ = {
			isa = XCBuildConfiguration;
			buildSettings = {
				ASSETCATALOG_COMPILER_APPICON_NAME = AppIcon;
				INFOPLIST_FILE = "Delts Manager/Info.plist";
				LD_RUNPATH_SEARCH_PATHS = "$(inherited) @executable_path/Frameworks";
				PRODUCT_BUNDLE_IDENTIFIER = "com.example.Delts-Manager";
				PRODUCT_NAME = "$(TARGET_NAME)";
			};
			name = Release;
		};
		564C96201D1E0A6A003EE50F /* Debug */ = {
			isa = XCBuildConfiguration;
			buildSettings = {
				BUNDLE_LOADER = "$(TEST_HOST)";
				INFOPLIST_FILE = "Delts ManagerTests/Info.plist";
				LD_RUNPATH_SEARCH_PATHS = "$(inherited) @executable_path/Frameworks @loader_path/Frameworks";
				PRODUCT_BUNDLE_IDENTIFIER = "com.example.Delts-ManagerTests";
				PRODUCT_NAME = "$(TARGET_NAME)";
				TEST_HOST = "$(BUILT_PRODUCTS_DIR)/Delts Manager.app/Delts Manager";
			};
			name = Debug;
		};
		564C96211D1E0A6A003EE50F /* Release */ = {
			isa = XCBuildConfiguration;
			buildSettings = {
				BUNDLE_LOADER = "$(TEST_HOST)";
				INFOPLIST_FILE = "Delts ManagerTests/Info.plist";
				LD_RUNPATH_SEARCH_PATHS = "$(inherited) @executable_path/Frameworks @loader_path/Frameworks";
				PRODUCT_BUNDLE_IDENTIFIER = "com.example.Delts-ManagerTests";
				PRODUCT_NAME = "$(TARGET_NAME)";
				TEST_HOST = "$(BUILT_PRODUCTS_DIR)/Delts Manager.app/Delts Manager";
			};
			name = Release;
		};
/* End XCBuildConfiguration section */

/* Begin XCConfigurationList section */
		564C95F81D1E0A6A003EE50F /* Build configuration list for PBXProject "Delts Manager" */ = {
			isa = XCConfigurationList;
			buildConfigurations = (
				564C961A1D1E0A6A003EE50F /* Debug */,
				564C961B1D1E0A6A003EE50F /* Release */,
			);
			defaultConfigurationIsVisible = 0;
			defaultConfigurationName = Release;
		};
		564C961C1D1E0A6A003EE50F /* Build configuration list for PBXNativeTarget "Delts Manager" */ = {
			isa = XCConfigurationList;
			buildConfigurations = (
				564C961D1D1E0A6A003EE50F /* Debug */,
				564C961E1D1E0A6A003EE50F /* Release */,
			);
			defaultConfigurationIsVisible = 0;
			defaultConfigurationName = Release;
		};
		564C961F1D1E0A6A003EE50F /* Build configuration list for PBXNativeTarget "Delts ManagerTests" */ = {
			isa = XCConfigurationList;
			buildConfigurations = (
				564C96201D1E0A6A003EE50F /* Debug */,
				564C96211D1E0A6A003EE50F /* Release */,
			);
			defaultConfigurationIsVisible = 0;
			defaultConfigurationName = Release;
		};
/* End XCConfigurationList section */
	};
	rootObject = 564C95F51D1E0A6A003EE50F /* Project object */;
}
