// !$*UTF8*$!
{
	archiveVersion = 1;
	classes = {
	};
	objectVersion = 46;
	objects = {

/* Begin PBXBuildFile section */
		560765701D29CEBD008D3337 /* DutyDetailViewController.swift in Sources */ = {isa = PBXBuildFile; fileRef = 5607656F1D29CEBD008D3337 /* DutyDetailViewController.swift */; };
		560765721D2A47F6008D3337 /* PuntDetailViewController.swift in Sources */ = {isa = PBXBuildFile; fileRef = 560765711D2A47F6008D3337 /* PuntDetailViewController.swift */; };
		560765741D2A84C7008D3337 /* ChangePasswordViewController.swift in Sources */ = {isa = PBXBuildFile; fileRef = 560765731D2A84C7008D3337 /* ChangePasswordViewController.swift */; };
		560765761D2C059B008D3337 /* OverviewViewController.swift in Sources */ = {isa = PBXBuildFile; fileRef = 560765751D2C059B008D3337 /* OverviewViewController.swift */; };
		5617A6881D55DA97004478DD /* ExpandingDutySelectorCell.swift in Sources */ = {isa = PBXBuildFile; fileRef = 5617A6871D55DA97004478DD /* ExpandingDutySelectorCell.swift */; };
		5617A68A1D56300A004478DD /* Guides.txt in Resources */ = {isa = PBXBuildFile; fileRef = 5617A6891D56300A004478DD /* Guides.txt */; };
		5617A68C1D5904B5004478DD /* DutySelectorCell.swift in Sources */ = {isa = PBXBuildFile; fileRef = 5617A68B1D5904B5004478DD /* DutySelectorCell.swift */; };
		5617A68E1D591DD0004478DD /* HouseDuty.swift in Sources */ = {isa = PBXBuildFile; fileRef = 5617A68D1D591DD0004478DD /* HouseDuty.swift */; };
		561AF3491D2584370097B1F3 /* SettingsSwitchTableViewCell.swift in Sources */ = {isa = PBXBuildFile; fileRef = 561AF3481D2584370097B1F3 /* SettingsSwitchTableViewCell.swift */; };
		56487A4B1D3CBE6000825A0F /* DutySelectorTableViewController.swift in Sources */ = {isa = PBXBuildFile; fileRef = 56487A4A1D3CBE6000825A0F /* DutySelectorTableViewController.swift */; };
		56487A4D1D3D288800825A0F /* DutySelectorTableViewCell.swift in Sources */ = {isa = PBXBuildFile; fileRef = 56487A4C1D3D288800825A0F /* DutySelectorTableViewCell.swift */; };
		564C96011D1E0A6A003EE50F /* AppDelegate.swift in Sources */ = {isa = PBXBuildFile; fileRef = 564C96001D1E0A6A003EE50F /* AppDelegate.swift */; };
		564C96081D1E0A6A003EE50F /* Main.storyboard in Resources */ = {isa = PBXBuildFile; fileRef = 564C96061D1E0A6A003EE50F /* Main.storyboard */; };
		564C960A1D1E0A6A003EE50F /* Assets.xcassets in Resources */ = {isa = PBXBuildFile; fileRef = 564C96091D1E0A6A003EE50F /* Assets.xcassets */; };
		564C960D1D1E0A6A003EE50F /* LaunchScreen.storyboard in Resources */ = {isa = PBXBuildFile; fileRef = 564C960B1D1E0A6A003EE50F /* LaunchScreen.storyboard */; };
		564C96181D1E0A6A003EE50F /* Delts_ManagerTests.swift in Sources */ = {isa = PBXBuildFile; fileRef = 564C96171D1E0A6A003EE50F /* Delts_ManagerTests.swift */; };
		564C96231D1E1753003EE50F /* LoginViewController.swift in Sources */ = {isa = PBXBuildFile; fileRef = 564C96221D1E1753003EE50F /* LoginViewController.swift */; };
		564C96251D1E230E003EE50F /* Constants.swift in Sources */ = {isa = PBXBuildFile; fileRef = 564C96241D1E230E003EE50F /* Constants.swift */; };
		564C962B1D1E3AA7003EE50F /* Duty.swift in Sources */ = {isa = PBXBuildFile; fileRef = 564C962A1D1E3AA7003EE50F /* Duty.swift */; };
		564C962F1D243419003EE50F /* SettingsViewController.swift in Sources */ = {isa = PBXBuildFile; fileRef = 564C962E1D243419003EE50F /* SettingsViewController.swift */; };
		564C96311D24688C003EE50F /* SettingsTextTableViewCell.swift in Sources */ = {isa = PBXBuildFile; fileRef = 564C96301D24688C003EE50F /* SettingsTextTableViewCell.swift */; };
		565544CD1D4B724300DF9957 /* DutyCheckoffTableViewCell.swift in Sources */ = {isa = PBXBuildFile; fileRef = 565544CC1D4B724300DF9957 /* DutyCheckoffTableViewCell.swift */; };
		565544CF1D4F7DE000DF9957 /* PuntAdminTableViewCell.swift in Sources */ = {isa = PBXBuildFile; fileRef = 565544CE1D4F7DE000DF9957 /* PuntAdminTableViewCell.swift */; };
		565544D11D52578800DF9957 /* PartyInviteTableViewCell.swift in Sources */ = {isa = PBXBuildFile; fileRef = 565544D01D52578800DF9957 /* PartyInviteTableViewCell.swift */; };
		565544D31D52581500DF9957 /* Invite.swift in Sources */ = {isa = PBXBuildFile; fileRef = 565544D21D52581500DF9957 /* Invite.swift */; };
		565544D51D52944600DF9957 /* PartyDetailTableViewController.swift in Sources */ = {isa = PBXBuildFile; fileRef = 565544D41D52944600DF9957 /* PartyDetailTableViewController.swift */; };
		568720991D29B555001D9AF3 /* DutiesTableViewController.swift in Sources */ = {isa = PBXBuildFile; fileRef = 568720981D29B555001D9AF3 /* DutiesTableViewController.swift */; };
		5687209B1D29B67E001D9AF3 /* DutiesTableViewCell.swift in Sources */ = {isa = PBXBuildFile; fileRef = 5687209A1D29B67E001D9AF3 /* DutiesTableViewCell.swift */; };
		5687209F1D29C019001D9AF3 /* Punt.swift in Sources */ = {isa = PBXBuildFile; fileRef = 5687209E1D29C019001D9AF3 /* Punt.swift */; };
		568720A11D29C033001D9AF3 /* PuntsTableViewCell.swift in Sources */ = {isa = PBXBuildFile; fileRef = 568720A01D29C033001D9AF3 /* PuntsTableViewCell.swift */; };
		568720A31D29C059001D9AF3 /* PuntsTableViewController.swift in Sources */ = {isa = PBXBuildFile; fileRef = 568720A21D29C059001D9AF3 /* PuntsTableViewController.swift */; };
		56A5743B1D5AEEA400FDC80C /* PartyDutyTableCell.swift in Sources */ = {isa = PBXBuildFile; fileRef = 56A5743A1D5AEEA400FDC80C /* PartyDutyTableCell.swift */; };
		56C5E4CE1D3E7E99009D6F58 /* BouncingViewController.swift in Sources */ = {isa = PBXBuildFile; fileRef = 56C5E4CD1D3E7E99009D6F58 /* BouncingViewController.swift */; };
		56C5E4D01D3E7EBE009D6F58 /* Event.swift in Sources */ = {isa = PBXBuildFile; fileRef = 56C5E4CF1D3E7EBE009D6F58 /* Event.swift */; };
		56C5E4D21D3EC7EE009D6F58 /* EventPlannerTableViewController.swift in Sources */ = {isa = PBXBuildFile; fileRef = 56C5E4D11D3EC7EE009D6F58 /* EventPlannerTableViewController.swift */; };
		56C5E4D41D3EC87C009D6F58 /* EventPropertyTableViewCell.swift in Sources */ = {isa = PBXBuildFile; fileRef = 56C5E4D31D3EC87C009D6F58 /* EventPropertyTableViewCell.swift */; };
		56C5E4D61D3EE6E7009D6F58 /* EventDutySelectorTableViewController.swift in Sources */ = {isa = PBXBuildFile; fileRef = 56C5E4D51D3EE6E7009D6F58 /* EventDutySelectorTableViewController.swift */; };
		56C5E4D81D3EE714009D6F58 /* EventDutyTableCell.swift in Sources */ = {isa = PBXBuildFile; fileRef = 56C5E4D71D3EE714009D6F58 /* EventDutyTableCell.swift */; };
		56C5E4DA1D3EF2BD009D6F58 /* PartyPlannerDelegate.swift in Sources */ = {isa = PBXBuildFile; fileRef = 56C5E4D91D3EF2BD009D6F58 /* PartyPlannerDelegate.swift */; };
		56F863251D3F991A00E5D850 /* EventNameViewController.swift in Sources */ = {isa = PBXBuildFile; fileRef = 56F863241D3F991A00E5D850 /* EventNameViewController.swift */; };
		56F863271D3FA0CA00E5D850 /* EventStartTimeViewController.swift in Sources */ = {isa = PBXBuildFile; fileRef = 56F863261D3FA0CA00E5D850 /* EventStartTimeViewController.swift */; };
		56F863291D3FC2E700E5D850 /* EventEndTimeViewController.swift in Sources */ = {isa = PBXBuildFile; fileRef = 56F863281D3FC2E700E5D850 /* EventEndTimeViewController.swift */; };
		56F8632B1D3FD14300E5D850 /* EventDutyTimeSelectorTableViewController.swift in Sources */ = {isa = PBXBuildFile; fileRef = 56F8632A1D3FD14300E5D850 /* EventDutyTimeSelectorTableViewController.swift */; };
		56F8632D1D3FD58F00E5D850 /* EventDutyTimeSelectorCell.swift in Sources */ = {isa = PBXBuildFile; fileRef = 56F8632C1D3FD58F00E5D850 /* EventDutyTimeSelectorCell.swift */; };
		56F8632F1D411D4300E5D850 /* CustomEventDutyTableCell.swift in Sources */ = {isa = PBXBuildFile; fileRef = 56F8632E1D411D4300E5D850 /* CustomEventDutyTableCell.swift */; };
		56F863321D465F8600E5D850 /* PartiesTableViewController.swift in Sources */ = {isa = PBXBuildFile; fileRef = 56F863311D465F8600E5D850 /* PartiesTableViewController.swift */; };
		56F863341D465F9A00E5D850 /* PartyTableViewCell.swift in Sources */ = {isa = PBXBuildFile; fileRef = 56F863331D465F9A00E5D850 /* PartyTableViewCell.swift */; };
		6F620AE22BB9C6089A77EC8E /* Pods_Delts_Manager.framework in Frameworks */ = {isa = PBXBuildFile; fileRef = CD935FDCD4F9EBB39F106705 /* Pods_Delts_Manager.framework */; };
		CE1CABD3C9DADC14A1259CC3 /* Pods_Delts_ManagerTests.framework in Frameworks */ = {isa = PBXBuildFile; fileRef = 2681EA7BFE09E2A58145A12F /* Pods_Delts_ManagerTests.framework */; };
/* End PBXBuildFile section */

/* Begin PBXContainerItemProxy section */
		564C96141D1E0A6A003EE50F /* PBXContainerItemProxy */ = {
			isa = PBXContainerItemProxy;
			containerPortal = 564C95F51D1E0A6A003EE50F /* Project object */;
			proxyType = 1;
			remoteGlobalIDString = 564C95FC1D1E0A6A003EE50F;
			remoteInfo = "Delts Manager";
		};
/* End PBXContainerItemProxy section */

/* Begin PBXFileReference section */
		01DDAB859F17BFBFC23CBB9E /* Pods-Delts Manager.release.xcconfig */ = {isa = PBXFileReference; includeInIndex = 1; lastKnownFileType = text.xcconfig; name = "Pods-Delts Manager.release.xcconfig"; path = "Pods/Target Support Files/Pods-Delts Manager/Pods-Delts Manager.release.xcconfig"; sourceTree = "<group>"; };
		2681EA7BFE09E2A58145A12F /* Pods_Delts_ManagerTests.framework */ = {isa = PBXFileReference; explicitFileType = wrapper.framework; includeInIndex = 0; path = Pods_Delts_ManagerTests.framework; sourceTree = BUILT_PRODUCTS_DIR; };
		480FB22852640DAA96259659 /* Pods-Delts Manager.debug.xcconfig */ = {isa = PBXFileReference; includeInIndex = 1; lastKnownFileType = text.xcconfig; name = "Pods-Delts Manager.debug.xcconfig"; path = "Pods/Target Support Files/Pods-Delts Manager/Pods-Delts Manager.debug.xcconfig"; sourceTree = "<group>"; };
		4DDB8FC2AFC67A70E23C7A10 /* Pods-Delts ManagerTests.debug.xcconfig */ = {isa = PBXFileReference; includeInIndex = 1; lastKnownFileType = text.xcconfig; name = "Pods-Delts ManagerTests.debug.xcconfig"; path = "Pods/Target Support Files/Pods-Delts ManagerTests/Pods-Delts ManagerTests.debug.xcconfig"; sourceTree = "<group>"; };
		5607656F1D29CEBD008D3337 /* DutyDetailViewController.swift */ = {isa = PBXFileReference; fileEncoding = 4; lastKnownFileType = sourcecode.swift; path = DutyDetailViewController.swift; sourceTree = "<group>"; };
		560765711D2A47F6008D3337 /* PuntDetailViewController.swift */ = {isa = PBXFileReference; fileEncoding = 4; lastKnownFileType = sourcecode.swift; path = PuntDetailViewController.swift; sourceTree = "<group>"; };
		560765731D2A84C7008D3337 /* ChangePasswordViewController.swift */ = {isa = PBXFileReference; fileEncoding = 4; lastKnownFileType = sourcecode.swift; path = ChangePasswordViewController.swift; sourceTree = "<group>"; };
		560765751D2C059B008D3337 /* OverviewViewController.swift */ = {isa = PBXFileReference; fileEncoding = 4; lastKnownFileType = sourcecode.swift; path = OverviewViewController.swift; sourceTree = "<group>"; };
		5617A6871D55DA97004478DD /* ExpandingDutySelectorCell.swift */ = {isa = PBXFileReference; fileEncoding = 4; lastKnownFileType = sourcecode.swift; path = ExpandingDutySelectorCell.swift; sourceTree = "<group>"; };
		5617A6891D56300A004478DD /* Guides.txt */ = {isa = PBXFileReference; fileEncoding = 4; lastKnownFileType = text; path = Guides.txt; sourceTree = "<group>"; };
		5617A68B1D5904B5004478DD /* DutySelectorCell.swift */ = {isa = PBXFileReference; fileEncoding = 4; lastKnownFileType = sourcecode.swift; path = DutySelectorCell.swift; sourceTree = "<group>"; };
		5617A68D1D591DD0004478DD /* HouseDuty.swift */ = {isa = PBXFileReference; fileEncoding = 4; lastKnownFileType = sourcecode.swift; path = HouseDuty.swift; sourceTree = "<group>"; };
		561AF3481D2584370097B1F3 /* SettingsSwitchTableViewCell.swift */ = {isa = PBXFileReference; fileEncoding = 4; lastKnownFileType = sourcecode.swift; path = SettingsSwitchTableViewCell.swift; sourceTree = "<group>"; };
		56487A4A1D3CBE6000825A0F /* DutySelectorTableViewController.swift */ = {isa = PBXFileReference; fileEncoding = 4; lastKnownFileType = sourcecode.swift; path = DutySelectorTableViewController.swift; sourceTree = "<group>"; };
		56487A4C1D3D288800825A0F /* DutySelectorTableViewCell.swift */ = {isa = PBXFileReference; fileEncoding = 4; lastKnownFileType = sourcecode.swift; path = DutySelectorTableViewCell.swift; sourceTree = "<group>"; };
		564C95FD1D1E0A6A003EE50F /* Delts Manager.app */ = {isa = PBXFileReference; explicitFileType = wrapper.application; includeInIndex = 0; path = "Delts Manager.app"; sourceTree = BUILT_PRODUCTS_DIR; };
		564C96001D1E0A6A003EE50F /* AppDelegate.swift */ = {isa = PBXFileReference; lastKnownFileType = sourcecode.swift; path = AppDelegate.swift; sourceTree = "<group>"; };
		564C96071D1E0A6A003EE50F /* Base */ = {isa = PBXFileReference; lastKnownFileType = file.storyboard; name = Base; path = Base.lproj/Main.storyboard; sourceTree = "<group>"; };
		564C96091D1E0A6A003EE50F /* Assets.xcassets */ = {isa = PBXFileReference; lastKnownFileType = folder.assetcatalog; path = Assets.xcassets; sourceTree = "<group>"; };
		564C960C1D1E0A6A003EE50F /* Base */ = {isa = PBXFileReference; lastKnownFileType = file.storyboard; name = Base; path = Base.lproj/LaunchScreen.storyboard; sourceTree = "<group>"; };
		564C960E1D1E0A6A003EE50F /* Info.plist */ = {isa = PBXFileReference; lastKnownFileType = text.plist.xml; path = Info.plist; sourceTree = "<group>"; };
		564C96131D1E0A6A003EE50F /* Delts ManagerTests.xctest */ = {isa = PBXFileReference; explicitFileType = wrapper.cfbundle; includeInIndex = 0; path = "Delts ManagerTests.xctest"; sourceTree = BUILT_PRODUCTS_DIR; };
		564C96171D1E0A6A003EE50F /* Delts_ManagerTests.swift */ = {isa = PBXFileReference; lastKnownFileType = sourcecode.swift; path = Delts_ManagerTests.swift; sourceTree = "<group>"; };
		564C96191D1E0A6A003EE50F /* Info.plist */ = {isa = PBXFileReference; lastKnownFileType = text.plist.xml; path = Info.plist; sourceTree = "<group>"; };
		564C96221D1E1753003EE50F /* LoginViewController.swift */ = {isa = PBXFileReference; fileEncoding = 4; lastKnownFileType = sourcecode.swift; path = LoginViewController.swift; sourceTree = "<group>"; };
		564C96241D1E230E003EE50F /* Constants.swift */ = {isa = PBXFileReference; fileEncoding = 4; lastKnownFileType = sourcecode.swift; path = Constants.swift; sourceTree = "<group>"; };
		564C962A1D1E3AA7003EE50F /* Duty.swift */ = {isa = PBXFileReference; fileEncoding = 4; lastKnownFileType = sourcecode.swift; path = Duty.swift; sourceTree = "<group>"; };
		564C962E1D243419003EE50F /* SettingsViewController.swift */ = {isa = PBXFileReference; fileEncoding = 4; lastKnownFileType = sourcecode.swift; path = SettingsViewController.swift; sourceTree = "<group>"; };
		564C96301D24688C003EE50F /* SettingsTextTableViewCell.swift */ = {isa = PBXFileReference; fileEncoding = 4; lastKnownFileType = sourcecode.swift; path = SettingsTextTableViewCell.swift; sourceTree = "<group>"; };
		565544CC1D4B724300DF9957 /* DutyCheckoffTableViewCell.swift */ = {isa = PBXFileReference; fileEncoding = 4; lastKnownFileType = sourcecode.swift; path = DutyCheckoffTableViewCell.swift; sourceTree = "<group>"; };
		565544CE1D4F7DE000DF9957 /* PuntAdminTableViewCell.swift */ = {isa = PBXFileReference; fileEncoding = 4; lastKnownFileType = sourcecode.swift; path = PuntAdminTableViewCell.swift; sourceTree = "<group>"; };
		565544D01D52578800DF9957 /* PartyInviteTableViewCell.swift */ = {isa = PBXFileReference; fileEncoding = 4; lastKnownFileType = sourcecode.swift; path = PartyInviteTableViewCell.swift; sourceTree = "<group>"; };
		565544D21D52581500DF9957 /* Invite.swift */ = {isa = PBXFileReference; fileEncoding = 4; lastKnownFileType = sourcecode.swift; path = Invite.swift; sourceTree = "<group>"; };
		565544D41D52944600DF9957 /* PartyDetailTableViewController.swift */ = {isa = PBXFileReference; fileEncoding = 4; lastKnownFileType = sourcecode.swift; path = PartyDetailTableViewController.swift; sourceTree = "<group>"; };
		568720981D29B555001D9AF3 /* DutiesTableViewController.swift */ = {isa = PBXFileReference; fileEncoding = 4; lastKnownFileType = sourcecode.swift; path = DutiesTableViewController.swift; sourceTree = "<group>"; };
		5687209A1D29B67E001D9AF3 /* DutiesTableViewCell.swift */ = {isa = PBXFileReference; fileEncoding = 4; lastKnownFileType = sourcecode.swift; path = DutiesTableViewCell.swift; sourceTree = "<group>"; };
		5687209E1D29C019001D9AF3 /* Punt.swift */ = {isa = PBXFileReference; fileEncoding = 4; lastKnownFileType = sourcecode.swift; path = Punt.swift; sourceTree = "<group>"; };
		568720A01D29C033001D9AF3 /* PuntsTableViewCell.swift */ = {isa = PBXFileReference; fileEncoding = 4; lastKnownFileType = sourcecode.swift; path = PuntsTableViewCell.swift; sourceTree = "<group>"; };
		568720A21D29C059001D9AF3 /* PuntsTableViewController.swift */ = {isa = PBXFileReference; fileEncoding = 4; lastKnownFileType = sourcecode.swift; path = PuntsTableViewController.swift; sourceTree = "<group>"; };
		56A5743A1D5AEEA400FDC80C /* PartyDutyTableCell.swift */ = {isa = PBXFileReference; fileEncoding = 4; lastKnownFileType = sourcecode.swift; path = PartyDutyTableCell.swift; sourceTree = "<group>"; };
		56C5E4CD1D3E7E99009D6F58 /* BouncingViewController.swift */ = {isa = PBXFileReference; fileEncoding = 4; lastKnownFileType = sourcecode.swift; path = BouncingViewController.swift; sourceTree = "<group>"; };
		56C5E4CF1D3E7EBE009D6F58 /* Event.swift */ = {isa = PBXFileReference; fileEncoding = 4; lastKnownFileType = sourcecode.swift; path = Event.swift; sourceTree = "<group>"; };
		56C5E4D11D3EC7EE009D6F58 /* EventPlannerTableViewController.swift */ = {isa = PBXFileReference; fileEncoding = 4; lastKnownFileType = sourcecode.swift; path = EventPlannerTableViewController.swift; sourceTree = "<group>"; };
		56C5E4D31D3EC87C009D6F58 /* EventPropertyTableViewCell.swift */ = {isa = PBXFileReference; fileEncoding = 4; lastKnownFileType = sourcecode.swift; path = EventPropertyTableViewCell.swift; sourceTree = "<group>"; };
		56C5E4D51D3EE6E7009D6F58 /* EventDutySelectorTableViewController.swift */ = {isa = PBXFileReference; fileEncoding = 4; lastKnownFileType = sourcecode.swift; path = EventDutySelectorTableViewController.swift; sourceTree = "<group>"; };
		56C5E4D71D3EE714009D6F58 /* EventDutyTableCell.swift */ = {isa = PBXFileReference; fileEncoding = 4; lastKnownFileType = sourcecode.swift; path = EventDutyTableCell.swift; sourceTree = "<group>"; };
		56C5E4D91D3EF2BD009D6F58 /* PartyPlannerDelegate.swift */ = {isa = PBXFileReference; fileEncoding = 4; lastKnownFileType = sourcecode.swift; path = PartyPlannerDelegate.swift; sourceTree = "<group>"; };
		56F863241D3F991A00E5D850 /* EventNameViewController.swift */ = {isa = PBXFileReference; fileEncoding = 4; lastKnownFileType = sourcecode.swift; path = EventNameViewController.swift; sourceTree = "<group>"; };
		56F863261D3FA0CA00E5D850 /* EventStartTimeViewController.swift */ = {isa = PBXFileReference; fileEncoding = 4; lastKnownFileType = sourcecode.swift; path = EventStartTimeViewController.swift; sourceTree = "<group>"; };
		56F863281D3FC2E700E5D850 /* EventEndTimeViewController.swift */ = {isa = PBXFileReference; fileEncoding = 4; lastKnownFileType = sourcecode.swift; path = EventEndTimeViewController.swift; sourceTree = "<group>"; };
		56F8632A1D3FD14300E5D850 /* EventDutyTimeSelectorTableViewController.swift */ = {isa = PBXFileReference; fileEncoding = 4; lastKnownFileType = sourcecode.swift; path = EventDutyTimeSelectorTableViewController.swift; sourceTree = "<group>"; };
		56F8632C1D3FD58F00E5D850 /* EventDutyTimeSelectorCell.swift */ = {isa = PBXFileReference; fileEncoding = 4; lastKnownFileType = sourcecode.swift; path = EventDutyTimeSelectorCell.swift; sourceTree = "<group>"; };
		56F8632E1D411D4300E5D850 /* CustomEventDutyTableCell.swift */ = {isa = PBXFileReference; fileEncoding = 4; lastKnownFileType = sourcecode.swift; path = CustomEventDutyTableCell.swift; sourceTree = "<group>"; };
		56F863311D465F8600E5D850 /* PartiesTableViewController.swift */ = {isa = PBXFileReference; fileEncoding = 4; lastKnownFileType = sourcecode.swift; path = PartiesTableViewController.swift; sourceTree = "<group>"; };
		56F863331D465F9A00E5D850 /* PartyTableViewCell.swift */ = {isa = PBXFileReference; fileEncoding = 4; lastKnownFileType = sourcecode.swift; path = PartyTableViewCell.swift; sourceTree = "<group>"; };
		68EDD8906C51A2CC1126E8FB /* Pods-Delts ManagerTests.release.xcconfig */ = {isa = PBXFileReference; includeInIndex = 1; lastKnownFileType = text.xcconfig; name = "Pods-Delts ManagerTests.release.xcconfig"; path = "Pods/Target Support Files/Pods-Delts ManagerTests/Pods-Delts ManagerTests.release.xcconfig"; sourceTree = "<group>"; };
		CD935FDCD4F9EBB39F106705 /* Pods_Delts_Manager.framework */ = {isa = PBXFileReference; explicitFileType = wrapper.framework; includeInIndex = 0; path = Pods_Delts_Manager.framework; sourceTree = BUILT_PRODUCTS_DIR; };
/* End PBXFileReference section */

/* Begin PBXFrameworksBuildPhase section */
		564C95FA1D1E0A6A003EE50F /* Frameworks */ = {
			isa = PBXFrameworksBuildPhase;
			buildActionMask = 2147483647;
			files = (
				6F620AE22BB9C6089A77EC8E /* Pods_Delts_Manager.framework in Frameworks */,
			);
			runOnlyForDeploymentPostprocessing = 0;
		};
		564C96101D1E0A6A003EE50F /* Frameworks */ = {
			isa = PBXFrameworksBuildPhase;
			buildActionMask = 2147483647;
			files = (
				CE1CABD3C9DADC14A1259CC3 /* Pods_Delts_ManagerTests.framework in Frameworks */,
			);
			runOnlyForDeploymentPostprocessing = 0;
		};
/* End PBXFrameworksBuildPhase section */

/* Begin PBXGroup section */
		254925897A36C043D4C82321 /* Pods */ = {
			isa = PBXGroup;
			children = (
				480FB22852640DAA96259659 /* Pods-Delts Manager.debug.xcconfig */,
				01DDAB859F17BFBFC23CBB9E /* Pods-Delts Manager.release.xcconfig */,
				4DDB8FC2AFC67A70E23C7A10 /* Pods-Delts ManagerTests.debug.xcconfig */,
				68EDD8906C51A2CC1126E8FB /* Pods-Delts ManagerTests.release.xcconfig */,
			);
			name = Pods;
			sourceTree = "<group>";
		};
		56487A401D3C3F6900825A0F /* Model */ = {
			isa = PBXGroup;
			children = (
				564C962A1D1E3AA7003EE50F /* Duty.swift */,
				5687209E1D29C019001D9AF3 /* Punt.swift */,
				564C96241D1E230E003EE50F /* Constants.swift */,
				56C5E4CF1D3E7EBE009D6F58 /* Event.swift */,
				565544D21D52581500DF9957 /* Invite.swift */,
				5617A68D1D591DD0004478DD /* HouseDuty.swift */,
			);
			name = Model;
			sourceTree = "<group>";
		};
		56487A411D3C3FF000825A0F /* Controller */ = {
			isa = PBXGroup;
			children = (
				56C5E4CC1D3E7E60009D6F58 /* Bouncing Tab */,
				56487A461D3C409E00825A0F /* Login */,
				56487A421D3C400700825A0F /* Overview Tab */,
				56487A431D3C405600825A0F /* Duties Tab */,
				56487A441D3C407000825A0F /* Punts Tab */,
				56F863301D465F6A00E5D850 /* Parties Tab */,
				56487A451D3C408800825A0F /* Settings Tab */,
			);
			name = Controller;
			sourceTree = "<group>";
		};
		56487A421D3C400700825A0F /* Overview Tab */ = {
			isa = PBXGroup;
			children = (
				560765751D2C059B008D3337 /* OverviewViewController.swift */,
				56487A4A1D3CBE6000825A0F /* DutySelectorTableViewController.swift */,
				56487A4C1D3D288800825A0F /* DutySelectorTableViewCell.swift */,
				5617A6871D55DA97004478DD /* ExpandingDutySelectorCell.swift */,
				5617A68B1D5904B5004478DD /* DutySelectorCell.swift */,
			);
			name = "Overview Tab";
			sourceTree = "<group>";
		};
		56487A431D3C405600825A0F /* Duties Tab */ = {
			isa = PBXGroup;
			children = (
				568720981D29B555001D9AF3 /* DutiesTableViewController.swift */,
				5687209A1D29B67E001D9AF3 /* DutiesTableViewCell.swift */,
				5607656F1D29CEBD008D3337 /* DutyDetailViewController.swift */,
				565544CC1D4B724300DF9957 /* DutyCheckoffTableViewCell.swift */,
			);
			name = "Duties Tab";
			sourceTree = "<group>";
		};
		56487A441D3C407000825A0F /* Punts Tab */ = {
			isa = PBXGroup;
			children = (
				568720A01D29C033001D9AF3 /* PuntsTableViewCell.swift */,
				568720A21D29C059001D9AF3 /* PuntsTableViewController.swift */,
				560765711D2A47F6008D3337 /* PuntDetailViewController.swift */,
				565544CE1D4F7DE000DF9957 /* PuntAdminTableViewCell.swift */,
			);
			name = "Punts Tab";
			sourceTree = "<group>";
		};
		56487A451D3C408800825A0F /* Settings Tab */ = {
			isa = PBXGroup;
			children = (
				564C962E1D243419003EE50F /* SettingsViewController.swift */,
				564C96301D24688C003EE50F /* SettingsTextTableViewCell.swift */,
				561AF3481D2584370097B1F3 /* SettingsSwitchTableViewCell.swift */,
				560765731D2A84C7008D3337 /* ChangePasswordViewController.swift */,
			);
			name = "Settings Tab";
			sourceTree = "<group>";
		};
		56487A461D3C409E00825A0F /* Login */ = {
			isa = PBXGroup;
			children = (
				564C96221D1E1753003EE50F /* LoginViewController.swift */,
			);
			name = Login;
			sourceTree = "<group>";
		};
		56487A471D3C40B300825A0F /* Assets */ = {
			isa = PBXGroup;
			children = (
				564C96061D1E0A6A003EE50F /* Main.storyboard */,
				564C96091D1E0A6A003EE50F /* Assets.xcassets */,
				564C960B1D1E0A6A003EE50F /* LaunchScreen.storyboard */,
			);
			name = Assets;
			sourceTree = "<group>";
		};
		56487A481D3C40C700825A0F /* Supporting Files */ = {
			isa = PBXGroup;
			children = (
				564C960E1D1E0A6A003EE50F /* Info.plist */,
			);
			name = "Supporting Files";
			sourceTree = "<group>";
		};
		56487A491D3C40DC00825A0F /* Delts Manager */ = {
			isa = PBXGroup;
			children = (
				564C96001D1E0A6A003EE50F /* AppDelegate.swift */,
			);
			name = "Delts Manager";
			sourceTree = "<group>";
		};
		564C95F41D1E0A6A003EE50F = {
			isa = PBXGroup;
			children = (
				564C95FF1D1E0A6A003EE50F /* Delts Manager */,
				564C96161D1E0A6A003EE50F /* Delts ManagerTests */,
				564C95FE1D1E0A6A003EE50F /* Products */,
				254925897A36C043D4C82321 /* Pods */,
				A59592513F9020E9F5F3CC6F /* Frameworks */,
			);
			sourceTree = "<group>";
		};
		564C95FE1D1E0A6A003EE50F /* Products */ = {
			isa = PBXGroup;
			children = (
				564C95FD1D1E0A6A003EE50F /* Delts Manager.app */,
				564C96131D1E0A6A003EE50F /* Delts ManagerTests.xctest */,
			);
			name = Products;
			sourceTree = "<group>";
		};
		564C95FF1D1E0A6A003EE50F /* Delts Manager */ = {
			isa = PBXGroup;
			children = (
				56487A491D3C40DC00825A0F /* Delts Manager */,
				56487A411D3C3FF000825A0F /* Controller */,
				56487A401D3C3F6900825A0F /* Model */,
				56487A471D3C40B300825A0F /* Assets */,
				56487A481D3C40C700825A0F /* Supporting Files */,
				5617A6891D56300A004478DD /* Guides.txt */,
			);
			path = "Delts Manager";
			sourceTree = "<group>";
		};
		564C96161D1E0A6A003EE50F /* Delts ManagerTests */ = {
			isa = PBXGroup;
			children = (
				564C96171D1E0A6A003EE50F /* Delts_ManagerTests.swift */,
				564C96191D1E0A6A003EE50F /* Info.plist */,
			);
			path = "Delts ManagerTests";
			sourceTree = "<group>";
		};
		56C5E4CC1D3E7E60009D6F58 /* Bouncing Tab */ = {
			isa = PBXGroup;
			children = (
				56C5E4CD1D3E7E99009D6F58 /* BouncingViewController.swift */,
				56C5E4D11D3EC7EE009D6F58 /* EventPlannerTableViewController.swift */,
				56C5E4D31D3EC87C009D6F58 /* EventPropertyTableViewCell.swift */,
				56C5E4D51D3EE6E7009D6F58 /* EventDutySelectorTableViewController.swift */,
				56C5E4D71D3EE714009D6F58 /* EventDutyTableCell.swift */,
				56C5E4D91D3EF2BD009D6F58 /* PartyPlannerDelegate.swift */,
				56F863241D3F991A00E5D850 /* EventNameViewController.swift */,
				56F863261D3FA0CA00E5D850 /* EventStartTimeViewController.swift */,
				56F863281D3FC2E700E5D850 /* EventEndTimeViewController.swift */,
				56F8632A1D3FD14300E5D850 /* EventDutyTimeSelectorTableViewController.swift */,
				56F8632C1D3FD58F00E5D850 /* EventDutyTimeSelectorCell.swift */,
				56F8632E1D411D4300E5D850 /* CustomEventDutyTableCell.swift */,
			);
			name = "Bouncing Tab";
			sourceTree = "<group>";
		};
		56F863301D465F6A00E5D850 /* Parties Tab */ = {
			isa = PBXGroup;
			children = (
				56F863311D465F8600E5D850 /* PartiesTableViewController.swift */,
				56F863331D465F9A00E5D850 /* PartyTableViewCell.swift */,
				565544D01D52578800DF9957 /* PartyInviteTableViewCell.swift */,
				565544D41D52944600DF9957 /* PartyDetailTableViewController.swift */,
				56A5743A1D5AEEA400FDC80C /* PartyDutyTableCell.swift */,
			);
			name = "Parties Tab";
			sourceTree = "<group>";
		};
		A59592513F9020E9F5F3CC6F /* Frameworks */ = {
			isa = PBXGroup;
			children = (
				CD935FDCD4F9EBB39F106705 /* Pods_Delts_Manager.framework */,
				2681EA7BFE09E2A58145A12F /* Pods_Delts_ManagerTests.framework */,
			);
			name = Frameworks;
			sourceTree = "<group>";
		};
/* End PBXGroup section */

/* Begin PBXNativeTarget section */
		564C95FC1D1E0A6A003EE50F /* Delts Manager */ = {
			isa = PBXNativeTarget;
			buildConfigurationList = 564C961C1D1E0A6A003EE50F /* Build configuration list for PBXNativeTarget "Delts Manager" */;
			buildPhases = (
				06441D30DF56EF5D627CA4F8 /* [CP] Check Pods Manifest.lock */,
				564C95F91D1E0A6A003EE50F /* Sources */,
				564C95FA1D1E0A6A003EE50F /* Frameworks */,
				564C95FB1D1E0A6A003EE50F /* Resources */,
				52844DF7BF5A69F7D018E998 /* [CP] Embed Pods Frameworks */,
				42A40B6A16D3AFFA483575EC /* [CP] Copy Pods Resources */,
			);
			buildRules = (
			);
			dependencies = (
			);
			name = "Delts Manager";
			productName = "Delts Manager";
			productReference = 564C95FD1D1E0A6A003EE50F /* Delts Manager.app */;
			productType = "com.apple.product-type.application";
		};
		564C96121D1E0A6A003EE50F /* Delts ManagerTests */ = {
			isa = PBXNativeTarget;
			buildConfigurationList = 564C961F1D1E0A6A003EE50F /* Build configuration list for PBXNativeTarget "Delts ManagerTests" */;
			buildPhases = (
				30F34965ED108E5AAE7EFD52 /* [CP] Check Pods Manifest.lock */,
				564C960F1D1E0A6A003EE50F /* Sources */,
				564C96101D1E0A6A003EE50F /* Frameworks */,
				564C96111D1E0A6A003EE50F /* Resources */,
				2CF92D6BDA564BDDB7521ABA /* [CP] Embed Pods Frameworks */,
				F797A59CFCBAD69FB033413E /* [CP] Copy Pods Resources */,
			);
			buildRules = (
			);
			dependencies = (
				564C96151D1E0A6A003EE50F /* PBXTargetDependency */,
			);
			name = "Delts ManagerTests";
			productName = "Delts ManagerTests";
			productReference = 564C96131D1E0A6A003EE50F /* Delts ManagerTests.xctest */;
			productType = "com.apple.product-type.bundle.unit-test";
		};
/* End PBXNativeTarget section */

/* Begin PBXProject section */
		564C95F51D1E0A6A003EE50F /* Project object */ = {
			isa = PBXProject;
			attributes = {
				LastSwiftUpdateCheck = 0730;
				LastUpgradeCheck = 0730;
				ORGANIZATIONNAME = "Juan Diego Fajardo";
				TargetAttributes = {
					564C95FC1D1E0A6A003EE50F = {
						CreatedOnToolsVersion = 7.3.1;
						DevelopmentTeam = V8Z84YJUGT;
					};
					564C96121D1E0A6A003EE50F = {
						CreatedOnToolsVersion = 7.3.1;
						TestTargetID = 564C95FC1D1E0A6A003EE50F;
					};
				};
			};
			buildConfigurationList = 564C95F81D1E0A6A003EE50F /* Build configuration list for PBXProject "Delts Manager" */;
			compatibilityVersion = "Xcode 3.2";
			developmentRegion = English;
			hasScannedForEncodings = 0;
			knownRegions = (
				en,
				Base,
			);
			mainGroup = 564C95F41D1E0A6A003EE50F;
			productRefGroup = 564C95FE1D1E0A6A003EE50F /* Products */;
			projectDirPath = "";
			projectRoot = "";
			targets = (
				564C95FC1D1E0A6A003EE50F /* Delts Manager */,
				564C96121D1E0A6A003EE50F /* Delts ManagerTests */,
			);
		};
/* End PBXProject section */

/* Begin PBXResourcesBuildPhase section */
		564C95FB1D1E0A6A003EE50F /* Resources */ = {
			isa = PBXResourcesBuildPhase;
			buildActionMask = 2147483647;
			files = (
				564C960D1D1E0A6A003EE50F /* LaunchScreen.storyboard in Resources */,
				5617A68A1D56300A004478DD /* Guides.txt in Resources */,
				564C960A1D1E0A6A003EE50F /* Assets.xcassets in Resources */,
				564C96081D1E0A6A003EE50F /* Main.storyboard in Resources */,
			);
			runOnlyForDeploymentPostprocessing = 0;
		};
		564C96111D1E0A6A003EE50F /* Resources */ = {
			isa = PBXResourcesBuildPhase;
			buildActionMask = 2147483647;
			files = (
			);
			runOnlyForDeploymentPostprocessing = 0;
		};
/* End PBXResourcesBuildPhase section */

/* Begin PBXShellScriptBuildPhase section */
		06441D30DF56EF5D627CA4F8 /* [CP] Check Pods Manifest.lock */ = {
			isa = PBXShellScriptBuildPhase;
			buildActionMask = 2147483647;
			files = (
			);
			inputPaths = (
			);
			name = "[CP] Check Pods Manifest.lock";
			outputPaths = (
			);
			runOnlyForDeploymentPostprocessing = 0;
			shellPath = /bin/sh;
			shellScript = "diff \"${PODS_ROOT}/../Podfile.lock\" \"${PODS_ROOT}/Manifest.lock\" > /dev/null\nif [[ $? != 0 ]] ; then\n    cat << EOM\nerror: The sandbox is not in sync with the Podfile.lock. Run 'pod install' or update your CocoaPods installation.\nEOM\n    exit 1\nfi\n";
			showEnvVarsInLog = 0;
		};
		2CF92D6BDA564BDDB7521ABA /* [CP] Embed Pods Frameworks */ = {
			isa = PBXShellScriptBuildPhase;
			buildActionMask = 2147483647;
			files = (
			);
			inputPaths = (
			);
			name = "[CP] Embed Pods Frameworks";
			outputPaths = (
			);
			runOnlyForDeploymentPostprocessing = 0;
			shellPath = /bin/sh;
			shellScript = "\"${SRCROOT}/Pods/Target Support Files/Pods-Delts ManagerTests/Pods-Delts ManagerTests-frameworks.sh\"\n";
			showEnvVarsInLog = 0;
		};
		30F34965ED108E5AAE7EFD52 /* [CP] Check Pods Manifest.lock */ = {
			isa = PBXShellScriptBuildPhase;
			buildActionMask = 2147483647;
			files = (
			);
			inputPaths = (
			);
			name = "[CP] Check Pods Manifest.lock";
			outputPaths = (
			);
			runOnlyForDeploymentPostprocessing = 0;
			shellPath = /bin/sh;
			shellScript = "diff \"${PODS_ROOT}/../Podfile.lock\" \"${PODS_ROOT}/Manifest.lock\" > /dev/null\nif [[ $? != 0 ]] ; then\n    cat << EOM\nerror: The sandbox is not in sync with the Podfile.lock. Run 'pod install' or update your CocoaPods installation.\nEOM\n    exit 1\nfi\n";
			showEnvVarsInLog = 0;
		};
		42A40B6A16D3AFFA483575EC /* [CP] Copy Pods Resources */ = {
			isa = PBXShellScriptBuildPhase;
			buildActionMask = 2147483647;
			files = (
			);
			inputPaths = (
			);
			name = "[CP] Copy Pods Resources";
			outputPaths = (
			);
			runOnlyForDeploymentPostprocessing = 0;
			shellPath = /bin/sh;
			shellScript = "\"${SRCROOT}/Pods/Target Support Files/Pods-Delts Manager/Pods-Delts Manager-resources.sh\"\n";
			showEnvVarsInLog = 0;
		};
		52844DF7BF5A69F7D018E998 /* [CP] Embed Pods Frameworks */ = {
			isa = PBXShellScriptBuildPhase;
			buildActionMask = 2147483647;
			files = (
			);
			inputPaths = (
			);
			name = "[CP] Embed Pods Frameworks";
			outputPaths = (
			);
			runOnlyForDeploymentPostprocessing = 0;
			shellPath = /bin/sh;
			shellScript = "\"${SRCROOT}/Pods/Target Support Files/Pods-Delts Manager/Pods-Delts Manager-frameworks.sh\"\n";
			showEnvVarsInLog = 0;
		};
		F797A59CFCBAD69FB033413E /* [CP] Copy Pods Resources */ = {
			isa = PBXShellScriptBuildPhase;
			buildActionMask = 2147483647;
			files = (
			);
			inputPaths = (
			);
			name = "[CP] Copy Pods Resources";
			outputPaths = (
			);
			runOnlyForDeploymentPostprocessing = 0;
			shellPath = /bin/sh;
			shellScript = "\"${SRCROOT}/Pods/Target Support Files/Pods-Delts ManagerTests/Pods-Delts ManagerTests-resources.sh\"\n";
			showEnvVarsInLog = 0;
		};
/* End PBXShellScriptBuildPhase section */

/* Begin PBXSourcesBuildPhase section */
		564C95F91D1E0A6A003EE50F /* Sources */ = {
			isa = PBXSourcesBuildPhase;
			buildActionMask = 2147483647;
			files = (
				564C96251D1E230E003EE50F /* Constants.swift in Sources */,
				56487A4B1D3CBE6000825A0F /* DutySelectorTableViewController.swift in Sources */,
				56C5E4CE1D3E7E99009D6F58 /* BouncingViewController.swift in Sources */,
				56F8632B1D3FD14300E5D850 /* EventDutyTimeSelectorTableViewController.swift in Sources */,
				56C5E4D81D3EE714009D6F58 /* EventDutyTableCell.swift in Sources */,
				560765701D29CEBD008D3337 /* DutyDetailViewController.swift in Sources */,
				56C5E4D01D3E7EBE009D6F58 /* Event.swift in Sources */,
				564C96231D1E1753003EE50F /* LoginViewController.swift in Sources */,
				560765741D2A84C7008D3337 /* ChangePasswordViewController.swift in Sources */,
				564C962B1D1E3AA7003EE50F /* Duty.swift in Sources */,
				565544D11D52578800DF9957 /* PartyInviteTableViewCell.swift in Sources */,
				565544CF1D4F7DE000DF9957 /* PuntAdminTableViewCell.swift in Sources */,
				561AF3491D2584370097B1F3 /* SettingsSwitchTableViewCell.swift in Sources */,
				56A5743B1D5AEEA400FDC80C /* PartyDutyTableCell.swift in Sources */,
				56F863251D3F991A00E5D850 /* EventNameViewController.swift in Sources */,
				560765761D2C059B008D3337 /* OverviewViewController.swift in Sources */,
				560765721D2A47F6008D3337 /* PuntDetailViewController.swift in Sources */,
				5617A68C1D5904B5004478DD /* DutySelectorCell.swift in Sources */,
				56F8632D1D3FD58F00E5D850 /* EventDutyTimeSelectorCell.swift in Sources */,
				565544D51D52944600DF9957 /* PartyDetailTableViewController.swift in Sources */,
				56C5E4D21D3EC7EE009D6F58 /* EventPlannerTableViewController.swift in Sources */,
				564C96011D1E0A6A003EE50F /* AppDelegate.swift in Sources */,
				56F863271D3FA0CA00E5D850 /* EventStartTimeViewController.swift in Sources */,
				568720A31D29C059001D9AF3 /* PuntsTableViewController.swift in Sources */,
				565544CD1D4B724300DF9957 /* DutyCheckoffTableViewCell.swift in Sources */,
				5617A68E1D591DD0004478DD /* HouseDuty.swift in Sources */,
				5617A6881D55DA97004478DD /* ExpandingDutySelectorCell.swift in Sources */,
				564C96311D24688C003EE50F /* SettingsTextTableViewCell.swift in Sources */,
				565544D31D52581500DF9957 /* Invite.swift in Sources */,
				56F863321D465F8600E5D850 /* PartiesTableViewController.swift in Sources */,
				5687209F1D29C019001D9AF3 /* Punt.swift in Sources */,
				568720991D29B555001D9AF3 /* DutiesTableViewController.swift in Sources */,
				56487A4D1D3D288800825A0F /* DutySelectorTableViewCell.swift in Sources */,
				56C5E4D41D3EC87C009D6F58 /* EventPropertyTableViewCell.swift in Sources */,
				56C5E4DA1D3EF2BD009D6F58 /* PartyPlannerDelegate.swift in Sources */,
				56C5E4D61D3EE6E7009D6F58 /* EventDutySelectorTableViewController.swift in Sources */,
				56F863291D3FC2E700E5D850 /* EventEndTimeViewController.swift in Sources */,
				56F863341D465F9A00E5D850 /* PartyTableViewCell.swift in Sources */,
				568720A11D29C033001D9AF3 /* PuntsTableViewCell.swift in Sources */,
				56F8632F1D411D4300E5D850 /* CustomEventDutyTableCell.swift in Sources */,
				5687209B1D29B67E001D9AF3 /* DutiesTableViewCell.swift in Sources */,
				564C962F1D243419003EE50F /* SettingsViewController.swift in Sources */,
			);
			runOnlyForDeploymentPostprocessing = 0;
		};
		564C960F1D1E0A6A003EE50F /* Sources */ = {
			isa = PBXSourcesBuildPhase;
			buildActionMask = 2147483647;
			files = (
				564C96181D1E0A6A003EE50F /* Delts_ManagerTests.swift in Sources */,
			);
			runOnlyForDeploymentPostprocessing = 0;
		};
/* End PBXSourcesBuildPhase section */

/* Begin PBXTargetDependency section */
		564C96151D1E0A6A003EE50F /* PBXTargetDependency */ = {
			isa = PBXTargetDependency;
			target = 564C95FC1D1E0A6A003EE50F /* Delts Manager */;
			targetProxy = 564C96141D1E0A6A003EE50F /* PBXContainerItemProxy */;
		};
/* End PBXTargetDependency section */

/* Begin PBXVariantGroup section */
		564C96061D1E0A6A003EE50F /* Main.storyboard */ = {
			isa = PBXVariantGroup;
			children = (
				564C96071D1E0A6A003EE50F /* Base */,
			);
			name = Main.storyboard;
			sourceTree = "<group>";
		};
		564C960B1D1E0A6A003EE50F /* LaunchScreen.storyboard */ = {
			isa = PBXVariantGroup;
			children = (
				564C960C1D1E0A6A003EE50F /* Base */,
			);
			name = LaunchScreen.storyboard;
			sourceTree = "<group>";
		};
/* End PBXVariantGroup section */

/* Begin XCBuildConfiguration section */
		564C961A1D1E0A6A003EE50F /* Debug */ = {
			isa = XCBuildConfiguration;
			buildSettings = {
				ALWAYS_SEARCH_USER_PATHS = NO;
				CLANG_ANALYZER_NONNULL = YES;
				CLANG_CXX_LANGUAGE_STANDARD = "gnu++0x";
				CLANG_CXX_LIBRARY = "libc++";
				CLANG_ENABLE_MODULES = YES;
				CLANG_ENABLE_OBJC_ARC = YES;
				CLANG_WARN_BOOL_CONVERSION = YES;
				CLANG_WARN_CONSTANT_CONVERSION = YES;
				CLANG_WARN_DIRECT_OBJC_ISA_USAGE = YES_ERROR;
				CLANG_WARN_EMPTY_BODY = YES;
				CLANG_WARN_ENUM_CONVERSION = YES;
				CLANG_WARN_INT_CONVERSION = YES;
				CLANG_WARN_OBJC_ROOT_CLASS = YES_ERROR;
				CLANG_WARN_UNREACHABLE_CODE = YES;
				CLANG_WARN__DUPLICATE_METHOD_MATCH = YES;
				"CODE_SIGN_IDENTITY[sdk=iphoneos*]" = "iPhone Developer";
				COPY_PHASE_STRIP = NO;
				DEBUG_INFORMATION_FORMAT = dwarf;
				ENABLE_STRICT_OBJC_MSGSEND = YES;
				ENABLE_TESTABILITY = YES;
				GCC_C_LANGUAGE_STANDARD = gnu99;
				GCC_DYNAMIC_NO_PIC = NO;
				GCC_NO_COMMON_BLOCKS = YES;
				GCC_OPTIMIZATION_LEVEL = 0;
				GCC_PREPROCESSOR_DEFINITIONS = (
					"DEBUG=1",
					"$(inherited)",
				);
				GCC_WARN_64_TO_32_BIT_CONVERSION = YES;
				GCC_WARN_ABOUT_RETURN_TYPE = YES_ERROR;
				GCC_WARN_UNDECLARED_SELECTOR = YES;
				GCC_WARN_UNINITIALIZED_AUTOS = YES_AGGRESSIVE;
				GCC_WARN_UNUSED_FUNCTION = YES;
				GCC_WARN_UNUSED_VARIABLE = YES;
				IPHONEOS_DEPLOYMENT_TARGET = 9.3;
				MTL_ENABLE_DEBUG_INFO = YES;
				ONLY_ACTIVE_ARCH = YES;
				SDKROOT = iphoneos;
				SWIFT_OPTIMIZATION_LEVEL = "-Onone";
				TARGETED_DEVICE_FAMILY = "1,2";
			};
			name = Debug;
		};
		564C961B1D1E0A6A003EE50F /* Release */ = {
			isa = XCBuildConfiguration;
			buildSettings = {
				ALWAYS_SEARCH_USER_PATHS = NO;
				CLANG_ANALYZER_NONNULL = YES;
				CLANG_CXX_LANGUAGE_STANDARD = "gnu++0x";
				CLANG_CXX_LIBRARY = "libc++";
				CLANG_ENABLE_MODULES = YES;
				CLANG_ENABLE_OBJC_ARC = YES;
				CLANG_WARN_BOOL_CONVERSION = YES;
				CLANG_WARN_CONSTANT_CONVERSION = YES;
				CLANG_WARN_DIRECT_OBJC_ISA_USAGE = YES_ERROR;
				CLANG_WARN_EMPTY_BODY = YES;
				CLANG_WARN_ENUM_CONVERSION = YES;
				CLANG_WARN_INT_CONVERSION = YES;
				CLANG_WARN_OBJC_ROOT_CLASS = YES_ERROR;
				CLANG_WARN_UNREACHABLE_CODE = YES;
				CLANG_WARN__DUPLICATE_METHOD_MATCH = YES;
				"CODE_SIGN_IDENTITY[sdk=iphoneos*]" = "iPhone Developer";
				COPY_PHASE_STRIP = NO;
				DEBUG_INFORMATION_FORMAT = "dwarf-with-dsym";
				ENABLE_NS_ASSERTIONS = NO;
				ENABLE_STRICT_OBJC_MSGSEND = YES;
				GCC_C_LANGUAGE_STANDARD = gnu99;
				GCC_NO_COMMON_BLOCKS = YES;
				GCC_WARN_64_TO_32_BIT_CONVERSION = YES;
				GCC_WARN_ABOUT_RETURN_TYPE = YES_ERROR;
				GCC_WARN_UNDECLARED_SELECTOR = YES;
				GCC_WARN_UNINITIALIZED_AUTOS = YES_AGGRESSIVE;
				GCC_WARN_UNUSED_FUNCTION = YES;
				GCC_WARN_UNUSED_VARIABLE = YES;
				IPHONEOS_DEPLOYMENT_TARGET = 9.3;
				MTL_ENABLE_DEBUG_INFO = NO;
				SDKROOT = iphoneos;
				TARGETED_DEVICE_FAMILY = "1,2";
				VALIDATE_PRODUCT = YES;
			};
			name = Release;
		};
		564C961D1D1E0A6A003EE50F /* Debug */ = {
			isa = XCBuildConfiguration;
			baseConfigurationReference = 480FB22852640DAA96259659 /* Pods-Delts Manager.debug.xcconfig */;
			buildSettings = {
				ASSETCATALOG_COMPILER_APPICON_NAME = AppIcon;
				CODE_SIGN_IDENTITY = "iPhone Developer";
				"CODE_SIGN_IDENTITY[sdk=iphoneos*]" = "iPhone Developer";
				INFOPLIST_FILE = "Delts Manager/Info.plist";
				LD_RUNPATH_SEARCH_PATHS = "$(inherited) @executable_path/Frameworks";
				PRODUCT_BUNDLE_IDENTIFIER = "com.example.Delts-Manager";
				PRODUCT_NAME = "$(TARGET_NAME)";
				PROVISIONING_PROFILE = "";
				TARGETED_DEVICE_FAMILY = 1;
			};
			name = Debug;
		};
		564C961E1D1E0A6A003EE50F /* Release */ = {
			isa = XCBuildConfiguration;
			baseConfigurationReference = 01DDAB859F17BFBFC23CBB9E /* Pods-Delts Manager.release.xcconfig */;
			buildSettings = {
				ASSETCATALOG_COMPILER_APPICON_NAME = AppIcon;
				CODE_SIGN_IDENTITY = "iPhone Developer";
				"CODE_SIGN_IDENTITY[sdk=iphoneos*]" = "iPhone Developer";
				INFOPLIST_FILE = "Delts Manager/Info.plist";
				LD_RUNPATH_SEARCH_PATHS = "$(inherited) @executable_path/Frameworks";
				PRODUCT_BUNDLE_IDENTIFIER = "com.example.Delts-Manager";
				PRODUCT_NAME = "$(TARGET_NAME)";
				PROVISIONING_PROFILE = "";
				TARGETED_DEVICE_FAMILY = 1;
			};
			name = Release;
		};
		564C96201D1E0A6A003EE50F /* Debug */ = {
			isa = XCBuildConfiguration;
			baseConfigurationReference = 4DDB8FC2AFC67A70E23C7A10 /* Pods-Delts ManagerTests.debug.xcconfig */;
			buildSettings = {
				BUNDLE_LOADER = "$(TEST_HOST)";
				INFOPLIST_FILE = "Delts ManagerTests/Info.plist";
				LD_RUNPATH_SEARCH_PATHS = "$(inherited) @executable_path/Frameworks @loader_path/Frameworks";
				PRODUCT_BUNDLE_IDENTIFIER = "com.example.Delts-ManagerTests";
				PRODUCT_NAME = "$(TARGET_NAME)";
				TEST_HOST = "$(BUILT_PRODUCTS_DIR)/Delts Manager.app/Delts Manager";
			};
			name = Debug;
		};
		564C96211D1E0A6A003EE50F /* Release */ = {
			isa = XCBuildConfiguration;
			baseConfigurationReference = 68EDD8906C51A2CC1126E8FB /* Pods-Delts ManagerTests.release.xcconfig */;
			buildSettings = {
				BUNDLE_LOADER = "$(TEST_HOST)";
				INFOPLIST_FILE = "Delts ManagerTests/Info.plist";
				LD_RUNPATH_SEARCH_PATHS = "$(inherited) @executable_path/Frameworks @loader_path/Frameworks";
				PRODUCT_BUNDLE_IDENTIFIER = "com.example.Delts-ManagerTests";
				PRODUCT_NAME = "$(TARGET_NAME)";
				TEST_HOST = "$(BUILT_PRODUCTS_DIR)/Delts Manager.app/Delts Manager";
			};
			name = Release;
		};
/* End XCBuildConfiguration section */

/* Begin XCConfigurationList section */
		564C95F81D1E0A6A003EE50F /* Build configuration list for PBXProject "Delts Manager" */ = {
			isa = XCConfigurationList;
			buildConfigurations = (
				564C961A1D1E0A6A003EE50F /* Debug */,
				564C961B1D1E0A6A003EE50F /* Release */,
			);
			defaultConfigurationIsVisible = 0;
			defaultConfigurationName = Release;
		};
		564C961C1D1E0A6A003EE50F /* Build configuration list for PBXNativeTarget "Delts Manager" */ = {
			isa = XCConfigurationList;
			buildConfigurations = (
				564C961D1D1E0A6A003EE50F /* Debug */,
				564C961E1D1E0A6A003EE50F /* Release */,
			);
			defaultConfigurationIsVisible = 0;
			defaultConfigurationName = Release;
		};
		564C961F1D1E0A6A003EE50F /* Build configuration list for PBXNativeTarget "Delts ManagerTests" */ = {
			isa = XCConfigurationList;
			buildConfigurations = (
				564C96201D1E0A6A003EE50F /* Debug */,
				564C96211D1E0A6A003EE50F /* Release */,
			);
			defaultConfigurationIsVisible = 0;
			defaultConfigurationName = Release;
		};
/* End XCConfigurationList section */
	};
	rootObject = 564C95F51D1E0A6A003EE50F /* Project object */;
}
